
Microsoft Visual Studio Solution File, Format Version 12.00
# Visual Studio Version 17
VisualStudioVersion = 17.7.34003.232
MinimumVisualStudioVersion = 10.0.40219.1
Project("{2150E333-8FDC-42A3-9474-1A3956D46DE8}") = "Solution items", "Solution items", "{98EF4530-423D-4F70-A448-16C7F1668380}"
	ProjectSection(SolutionItems) = preProject
		docker-compose.Dev.Infrastructure.yaml = docker-compose.Dev.Infrastructure.yaml
		README.md = README.md
	EndProjectSection
EndProject
Project("{2150E333-8FDC-42A3-9474-1A3956D46DE8}") = "src", "src", "{CC95C4F4-87E6-47DF-9182-CC38E614F6D0}"
EndProject
Project("{2150E333-8FDC-42A3-9474-1A3956D46DE8}") = "test", "test", "{7C35C349-7535-4A8F-B796-51FF07E7DD9B}"
EndProject
Project("{9A19103F-16F7-4668-BE54-9A1E7A4F7556}") = "DistributedSystem.API", "src\DistributedSystem.API\DistributedSystem.API.csproj", "{D164A0FA-018E-45DB-BD3E-D5FA14C667A2}"
EndProject
Project("{9A19103F-16F7-4668-BE54-9A1E7A4F7556}") = "DistributedSystem.Application", "src\DistributedSystem.Application\DistributedSystem.Application.csproj", "{9313A9E1-8707-4F3D-92F2-2704F0A0A4AC}"
EndProject
Project("{9A19103F-16F7-4668-BE54-9A1E7A4F7556}") = "DistributedSystem.Domain", "src\DistributedSystem.Domain\DistributedSystem.Domain.csproj", "{192CD061-6AE8-4BD8-99CC-05C49040E528}"
EndProject
Project("{9A19103F-16F7-4668-BE54-9A1E7A4F7556}") = "DistributedSystem.Contract", "src\DistributedSystem.Contract\DistributedSystem.Contract.csproj", "{A133E8FD-41EF-4E58-B425-26A6FFF3B93B}"
EndProject
Project("{9A19103F-16F7-4668-BE54-9A1E7A4F7556}") = "DistributedSystem.Infrastructure", "src\DistributedSystem.Infrastructure\DistributedSystem.Infrastructure.csproj", "{DEEA46F2-6BAF-4E0B-845B-84733C539EBE}"
EndProject
Project("{9A19103F-16F7-4668-BE54-9A1E7A4F7556}") = "DistributedSystem.Persistence", "src\DistributedSystem.Persistence\DistributedSystem.Persistence.csproj", "{9B28A377-212A-414D-83DB-2A826662E78D}"
EndProject
Project("{9A19103F-16F7-4668-BE54-9A1E7A4F7556}") = "DistributedSystem.Presentation", "src\DistributedSystem.Presentation\DistributedSystem.Presentation.csproj", "{07F93BBA-9FCB-4C9B-BAA2-DC22FCD298CF}"
EndProject
Project("{2150E333-8FDC-42A3-9474-1A3956D46DE8}") = "Command", "Command", "{D9151FF9-DE2D-4E44-91AF-3F6C615283AF}"
EndProject
Project("{2150E333-8FDC-42A3-9474-1A3956D46DE8}") = "Contract", "Contract", "{FB74E8A3-C2F3-4753-9C8D-5DB8994F1D2E}"
EndProject
Project("{2150E333-8FDC-42A3-9474-1A3956D46DE8}") = "Query", "Query", "{60751AC4-771C-414E-B374-0E29E51846D2}"
EndProject
Project("{2150E333-8FDC-42A3-9474-1A3956D46DE8}") = "ReverseProxy", "ReverseProxy", "{B5097B71-9732-43AD-82E5-6E2A6BA82802}"
EndProject
Project("{9A19103F-16F7-4668-BE54-9A1E7A4F7556}") = "Query.API", "src\Query\Query.API\Query.API.csproj", "{FD076355-4A80-465C-BFC5-C696A30ED826}"
EndProject
Project("{9A19103F-16F7-4668-BE54-9A1E7A4F7556}") = "Query.Application", "src\Query\Query.Application\Query.Application.csproj", "{3C5E6969-6F9E-432C-B2A9-68B49E02C23E}"
EndProject
Project("{9A19103F-16F7-4668-BE54-9A1E7A4F7556}") = "Query.Domain", "src\Query\Query.Domain\Query.Domain.csproj", "{75C533BE-C2E4-4AE5-A414-2723C4A9FC01}"
EndProject
Project("{9A19103F-16F7-4668-BE54-9A1E7A4F7556}") = "Query.Infrastructure", "src\Query\Query.Infrastructure\Query.Infrastructure.csproj", "{E883C47D-486D-4A0C-B6C6-10820240F51C}"
EndProject
Project("{9A19103F-16F7-4668-BE54-9A1E7A4F7556}") = "Query.Persistence", "src\Query\Query.Persistence\Query.Persistence.csproj", "{09E432BF-F054-4D77-A884-11704DD2B9A8}"
EndProject
Project("{9A19103F-16F7-4668-BE54-9A1E7A4F7556}") = "Query.Presentation", "src\Query\Query.Presentation\Query.Presentation.csproj", "{BAD87CA3-5982-4FB1-8328-6D20A67EE35F}"
EndProject
Project("{FAE04EC0-301F-11D3-BF4B-00C04F79EFBC}") = "ApiGateway", "src\ReverseProxy\ApiGateway\ApiGateway.csproj", "{F6D6ACF7-A742-46DA-B156-5C2DCEBE38A9}"
EndProject
Project("{2150E333-8FDC-42A3-9474-1A3956D46DE8}") = "Authorization", "Authorization", "{BF4E0D86-BCA6-4BB8-B639-909171B25707}"
EndProject
Project("{FAE04EC0-301F-11D3-BF4B-00C04F79EFBC}") = "AuthorizationApi", "src\Authorization\AuthorizationApi\AuthorizationApi.csproj", "{119EF629-88E8-465C-9596-F8A7298A95F4}"
EndProject
Global
	GlobalSection(SolutionConfigurationPlatforms) = preSolution
		Debug|Any CPU = Debug|Any CPU
		Release|Any CPU = Release|Any CPU
	EndGlobalSection
	GlobalSection(ProjectConfigurationPlatforms) = postSolution
		{D164A0FA-018E-45DB-BD3E-D5FA14C667A2}.Debug|Any CPU.ActiveCfg = Debug|Any CPU
		{D164A0FA-018E-45DB-BD3E-D5FA14C667A2}.Debug|Any CPU.Build.0 = Debug|Any CPU
		{D164A0FA-018E-45DB-BD3E-D5FA14C667A2}.Release|Any CPU.ActiveCfg = Release|Any CPU
		{D164A0FA-018E-45DB-BD3E-D5FA14C667A2}.Release|Any CPU.Build.0 = Release|Any CPU
		{9313A9E1-8707-4F3D-92F2-2704F0A0A4AC}.Debug|Any CPU.ActiveCfg = Debug|Any CPU
		{9313A9E1-8707-4F3D-92F2-2704F0A0A4AC}.Debug|Any CPU.Build.0 = Debug|Any CPU
		{9313A9E1-8707-4F3D-92F2-2704F0A0A4AC}.Release|Any CPU.ActiveCfg = Release|Any CPU
		{9313A9E1-8707-4F3D-92F2-2704F0A0A4AC}.Release|Any CPU.Build.0 = Release|Any CPU
		{192CD061-6AE8-4BD8-99CC-05C49040E528}.Debug|Any CPU.ActiveCfg = Debug|Any CPU
		{192CD061-6AE8-4BD8-99CC-05C49040E528}.Debug|Any CPU.Build.0 = Debug|Any CPU
		{192CD061-6AE8-4BD8-99CC-05C49040E528}.Release|Any CPU.ActiveCfg = Release|Any CPU
		{192CD061-6AE8-4BD8-99CC-05C49040E528}.Release|Any CPU.Build.0 = Release|Any CPU
		{A133E8FD-41EF-4E58-B425-26A6FFF3B93B}.Debug|Any CPU.ActiveCfg = Debug|Any CPU
		{A133E8FD-41EF-4E58-B425-26A6FFF3B93B}.Debug|Any CPU.Build.0 = Debug|Any CPU
		{A133E8FD-41EF-4E58-B425-26A6FFF3B93B}.Release|Any CPU.ActiveCfg = Release|Any CPU
		{A133E8FD-41EF-4E58-B425-26A6FFF3B93B}.Release|Any CPU.Build.0 = Release|Any CPU
		{DEEA46F2-6BAF-4E0B-845B-84733C539EBE}.Debug|Any CPU.ActiveCfg = Debug|Any CPU
		{DEEA46F2-6BAF-4E0B-845B-84733C539EBE}.Debug|Any CPU.Build.0 = Debug|Any CPU
		{DEEA46F2-6BAF-4E0B-845B-84733C539EBE}.Release|Any CPU.ActiveCfg = Release|Any CPU
		{DEEA46F2-6BAF-4E0B-845B-84733C539EBE}.Release|Any CPU.Build.0 = Release|Any CPU
		{9B28A377-212A-414D-83DB-2A826662E78D}.Debug|Any CPU.ActiveCfg = Debug|Any CPU
		{9B28A377-212A-414D-83DB-2A826662E78D}.Debug|Any CPU.Build.0 = Debug|Any CPU
		{9B28A377-212A-414D-83DB-2A826662E78D}.Release|Any CPU.ActiveCfg = Release|Any CPU
		{9B28A377-212A-414D-83DB-2A826662E78D}.Release|Any CPU.Build.0 = Release|Any CPU
		{07F93BBA-9FCB-4C9B-BAA2-DC22FCD298CF}.Debug|Any CPU.ActiveCfg = Debug|Any CPU
		{07F93BBA-9FCB-4C9B-BAA2-DC22FCD298CF}.Debug|Any CPU.Build.0 = Debug|Any CPU
		{07F93BBA-9FCB-4C9B-BAA2-DC22FCD298CF}.Release|Any CPU.ActiveCfg = Release|Any CPU
		{07F93BBA-9FCB-4C9B-BAA2-DC22FCD298CF}.Release|Any CPU.Build.0 = Release|Any CPU
		{FD076355-4A80-465C-BFC5-C696A30ED826}.Debug|Any CPU.ActiveCfg = Debug|Any CPU
		{FD076355-4A80-465C-BFC5-C696A30ED826}.Debug|Any CPU.Build.0 = Debug|Any CPU
		{FD076355-4A80-465C-BFC5-C696A30ED826}.Release|Any CPU.ActiveCfg = Release|Any CPU
		{FD076355-4A80-465C-BFC5-C696A30ED826}.Release|Any CPU.Build.0 = Release|Any CPU
		{3C5E6969-6F9E-432C-B2A9-68B49E02C23E}.Debug|Any CPU.ActiveCfg = Debug|Any CPU
		{3C5E6969-6F9E-432C-B2A9-68B49E02C23E}.Debug|Any CPU.Build.0 = Debug|Any CPU
		{3C5E6969-6F9E-432C-B2A9-68B49E02C23E}.Release|Any CPU.ActiveCfg = Release|Any CPU
		{3C5E6969-6F9E-432C-B2A9-68B49E02C23E}.Release|Any CPU.Build.0 = Release|Any CPU
		{75C533BE-C2E4-4AE5-A414-2723C4A9FC01}.Debug|Any CPU.ActiveCfg = Debug|Any CPU
		{75C533BE-C2E4-4AE5-A414-2723C4A9FC01}.Debug|Any CPU.Build.0 = Debug|Any CPU
		{75C533BE-C2E4-4AE5-A414-2723C4A9FC01}.Release|Any CPU.ActiveCfg = Release|Any CPU
		{75C533BE-C2E4-4AE5-A414-2723C4A9FC01}.Release|Any CPU.Build.0 = Release|Any CPU
		{E883C47D-486D-4A0C-B6C6-10820240F51C}.Debug|Any CPU.ActiveCfg = Debug|Any CPU
		{E883C47D-486D-4A0C-B6C6-10820240F51C}.Debug|Any CPU.Build.0 = Debug|Any CPU
		{E883C47D-486D-4A0C-B6C6-10820240F51C}.Release|Any CPU.ActiveCfg = Release|Any CPU
		{E883C47D-486D-4A0C-B6C6-10820240F51C}.Release|Any CPU.Build.0 = Release|Any CPU
		{09E432BF-F054-4D77-A884-11704DD2B9A8}.Debug|Any CPU.ActiveCfg = Debug|Any CPU
		{09E432BF-F054-4D77-A884-11704DD2B9A8}.Debug|Any CPU.Build.0 = Debug|Any CPU
		{09E432BF-F054-4D77-A884-11704DD2B9A8}.Release|Any CPU.ActiveCfg = Release|Any CPU
		{09E432BF-F054-4D77-A884-11704DD2B9A8}.Release|Any CPU.Build.0 = Release|Any CPU
		{BAD87CA3-5982-4FB1-8328-6D20A67EE35F}.Debug|Any CPU.ActiveCfg = Debug|Any CPU
		{BAD87CA3-5982-4FB1-8328-6D20A67EE35F}.Debug|Any CPU.Build.0 = Debug|Any CPU
		{BAD87CA3-5982-4FB1-8328-6D20A67EE35F}.Release|Any CPU.ActiveCfg = Release|Any CPU
		{BAD87CA3-5982-4FB1-8328-6D20A67EE35F}.Release|Any CPU.Build.0 = Release|Any CPU
		{F6D6ACF7-A742-46DA-B156-5C2DCEBE38A9}.Debug|Any CPU.ActiveCfg = Debug|Any CPU
		{F6D6ACF7-A742-46DA-B156-5C2DCEBE38A9}.Debug|Any CPU.Build.0 = Debug|Any CPU
		{F6D6ACF7-A742-46DA-B156-5C2DCEBE38A9}.Release|Any CPU.ActiveCfg = Release|Any CPU
		{F6D6ACF7-A742-46DA-B156-5C2DCEBE38A9}.Release|Any CPU.Build.0 = Release|Any CPU
		{119EF629-88E8-465C-9596-F8A7298A95F4}.Debug|Any CPU.ActiveCfg = Debug|Any CPU
		{119EF629-88E8-465C-9596-F8A7298A95F4}.Debug|Any CPU.Build.0 = Debug|Any CPU
		{119EF629-88E8-465C-9596-F8A7298A95F4}.Release|Any CPU.ActiveCfg = Release|Any CPU
		{119EF629-88E8-465C-9596-F8A7298A95F4}.Release|Any CPU.Build.0 = Release|Any CPU
	EndGlobalSection
	GlobalSection(SolutionProperties) = preSolution
		HideSolutionNode = FALSE
	EndGlobalSection
	GlobalSection(NestedProjects) = preSolution
		{D164A0FA-018E-45DB-BD3E-D5FA14C667A2} = {D9151FF9-DE2D-4E44-91AF-3F6C615283AF}
		{9313A9E1-8707-4F3D-92F2-2704F0A0A4AC} = {D9151FF9-DE2D-4E44-91AF-3F6C615283AF}
		{192CD061-6AE8-4BD8-99CC-05C49040E528} = {D9151FF9-DE2D-4E44-91AF-3F6C615283AF}
		{A133E8FD-41EF-4E58-B425-26A6FFF3B93B} = {FB74E8A3-C2F3-4753-9C8D-5DB8994F1D2E}
		{DEEA46F2-6BAF-4E0B-845B-84733C539EBE} = {D9151FF9-DE2D-4E44-91AF-3F6C615283AF}
		{9B28A377-212A-414D-83DB-2A826662E78D} = {D9151FF9-DE2D-4E44-91AF-3F6C615283AF}
		{07F93BBA-9FCB-4C9B-BAA2-DC22FCD298CF} = {D9151FF9-DE2D-4E44-91AF-3F6C615283AF}
		{D9151FF9-DE2D-4E44-91AF-3F6C615283AF} = {CC95C4F4-87E6-47DF-9182-CC38E614F6D0}
		{FB74E8A3-C2F3-4753-9C8D-5DB8994F1D2E} = {CC95C4F4-87E6-47DF-9182-CC38E614F6D0}
		{60751AC4-771C-414E-B374-0E29E51846D2} = {CC95C4F4-87E6-47DF-9182-CC38E614F6D0}
		{B5097B71-9732-43AD-82E5-6E2A6BA82802} = {CC95C4F4-87E6-47DF-9182-CC38E614F6D0}
		{FD076355-4A80-465C-BFC5-C696A30ED826} = {60751AC4-771C-414E-B374-0E29E51846D2}
		{3C5E6969-6F9E-432C-B2A9-68B49E02C23E} = {60751AC4-771C-414E-B374-0E29E51846D2}
		{75C533BE-C2E4-4AE5-A414-2723C4A9FC01} = {60751AC4-771C-414E-B374-0E29E51846D2}
		{E883C47D-486D-4A0C-B6C6-10820240F51C} = {60751AC4-771C-414E-B374-0E29E51846D2}
		{09E432BF-F054-4D77-A884-11704DD2B9A8} = {60751AC4-771C-414E-B374-0E29E51846D2}
		{BAD87CA3-5982-4FB1-8328-6D20A67EE35F} = {60751AC4-771C-414E-B374-0E29E51846D2}
		{F6D6ACF7-A742-46DA-B156-5C2DCEBE38A9} = {B5097B71-9732-43AD-82E5-6E2A6BA82802}
		{BF4E0D86-BCA6-4BB8-B639-909171B25707} = {CC95C4F4-87E6-47DF-9182-CC38E614F6D0}
		{119EF629-88E8-465C-9596-F8A7298A95F4} = {BF4E0D86-BCA6-4BB8-B639-909171B25707}
	EndGlobalSection
	GlobalSection(ExtensibilityGlobals) = postSolution
		SolutionGuid = {A43A9837-69AE-4CFA-9BF3-FCE1F20522A3}
	EndGlobalSection
EndGlobal
